# THIS IS AN AUTOGENERATED FILE. DO NOT EDIT THIS FILE DIRECTLY.
# yarn lockfile v1


"@cliqz/adblocker-content@^1.15.1":
  version "1.15.1"
  resolved "https://registry.yarnpkg.com/@cliqz/adblocker-content/-/adblocker-content-1.15.1.tgz#3eaf22eddb94975dbc044cdf8728fcc33d6bc5a4"
  integrity sha512-GqR+/gcglCdxGUJWR1dGczQFw1bM5Jb2LzCqOPjpBRGIY7V8MOazVuyGzyL4rft5WyJgKxylpUgcpths6nEaCg==

"@cliqz/adblocker-electron-preload@^1.15.1":
  version "1.15.1"
  resolved "https://registry.yarnpkg.com/@cliqz/adblocker-electron-preload/-/adblocker-electron-preload-1.15.1.tgz#9ccf3bd218dff4f5262f86914c0b6b38996e9cf2"
  integrity sha512-dTriHKOboboF7WquVgfDjjs+vbOrZ92jCkU1V3eqtZ9x8FcwpeGsklvOqR2cV+IT3KcBA6Km7prd63TrHaQ1gQ==
  dependencies:
    "@cliqz/adblocker-content" "^1.15.1"

"@cliqz/adblocker-electron@^1.14.4":
  version "1.15.1"
  resolved "https://registry.yarnpkg.com/@cliqz/adblocker-electron/-/adblocker-electron-1.15.1.tgz#ac9f6ec4a1f86d2244ec22eebec6eb0b321f48c3"
  integrity sha512-y0gGE0y9YXo2Q2DGxzVJTxGPi3t/cBE3h3nxlrWZ4cXnGeJgDI0mwZwDk+FqUfr2eqt0ELotWo1XPIL4UmYSJg==
  dependencies:
    "@cliqz/adblocker" "^1.15.1"
    "@cliqz/adblocker-electron-preload" "^1.15.1"
    tldts-experimental "^5.6.21"

"@cliqz/adblocker@^1.15.1":
  version "1.15.1"
  resolved "https://registry.yarnpkg.com/@cliqz/adblocker/-/adblocker-1.15.1.tgz#cb29128876131dc1f5bebbe5c5b1b2e733458ed9"
  integrity sha512-E2+smqbbbfkZeklDKhWdQeV4drigbdQq5rcU4C79xkxIYMPx7UOtU76NFBok5HOvXztTXmEwi5J/ISSmPyL03Q==
  dependencies:
    "@remusao/guess-url-type" "^1.1.2"
    "@remusao/small" "^1.1.2"
    "@remusao/smaz" "^1.7.1"
    "@types/chrome" "^0.0.114"
    "@types/firefox-webext-browser" "^70.0.1"
    tldts-experimental "^5.6.21"

"@derhuerst/http-basic@^8.2.0":
  version "8.2.0"
  resolved "https://registry.yarnpkg.com/@derhuerst/http-basic/-/http-basic-8.2.0.tgz#d009a4a6820dea756061d21842e79d1dbf9a1e11"
  integrity sha512-v1cqPUpFjU8DInW4YkC9caGKy8kUkqz0z10yCHawkxgpaJPId0F5xKi8fUY5rqC58F9Muz9T136jNReZQH9xIw==
  dependencies:
    caseless "^0.12.0"
    concat-stream "^1.6.2"
    http-response-object "^3.0.1"
    parse-cache-control "^1.0.1"

"@remusao/guess-url-type@^1.1.2":
  version "1.1.2"
  resolved "https://registry.yarnpkg.com/@remusao/guess-url-type/-/guess-url-type-1.1.2.tgz#2525582aba523c1c91891c5bd3a3c8b811b5b823"
  integrity sha512-NDcy4J7bieEU2WYSn1LZKjaIG+5ORDWXA//6dXnppVYPmmJ9zjJ1vJVKUKdZ1mjvTp7WLzQH6QD/wygaZ13G1Q==

"@remusao/small@^1.1.2":
  version "1.1.2"
  resolved "https://registry.yarnpkg.com/@remusao/small/-/small-1.1.2.tgz#f86ee1992cf244a53d8ea6b606202ff13cb3d2d1"
  integrity sha512-cMteQVgRT+LhSTQQdR0pWlLRXOTV8FeePOxcwkrroYCKIWpqIKNvbimAEiioMlclDmSHos9Nu+Wz3iNIDsyQaQ==

"@remusao/smaz-compress@^1.8.0":
  version "1.8.0"
  resolved "https://registry.yarnpkg.com/@remusao/smaz-compress/-/smaz-compress-1.8.0.tgz#efdc3857cec1396349e52e44b89891e617448024"
  integrity sha512-gDlnWyYmDppwdVZZkBuN8/gzpcqxFwEEev8QxyArWbOn/1rIXMfnm+bwY/N80rmakHTWaybL0yNxTMJSoVXrUw==
  dependencies:
    "@remusao/trie" "^1.3.0"

"@remusao/smaz-decompress@^1.8.0":
  version "1.8.0"
  resolved "https://registry.yarnpkg.com/@remusao/smaz-decompress/-/smaz-decompress-1.8.0.tgz#32cea68586d6d67a4b30c561d1ccde527805e3d7"
  integrity sha512-DDGL8wB2L1OUPbUEashqBQzuEVk1xmVOR+35lERkwl3Qg5UoiL//9GWSq38jq8XlTqUG5R+BY2dQa4XX2NDeeQ==

"@remusao/smaz@^1.7.1":
  version "1.8.0"
  resolved "https://registry.yarnpkg.com/@remusao/smaz/-/smaz-1.8.0.tgz#6b03c39f99afaafa2113772cae900fad896061c0"
  integrity sha512-tpyluMIHQSCOX1VHBBrn7KP+S1m/fovJg9Tizo06qR9OYopYehDqkuBJGLnUthE3uhm7tbxb1XI2IN4tUjOFhw==
  dependencies:
    "@remusao/smaz-compress" "^1.8.0"
    "@remusao/smaz-decompress" "^1.8.0"

"@remusao/trie@^1.3.0":
  version "1.3.0"
  resolved "https://registry.yarnpkg.com/@remusao/trie/-/trie-1.3.0.tgz#146b6f7f223d29db7106c19b9f4d4fab2754986a"
  integrity sha512-IykMLl0vr8L1sJzvtGR4izkNh1Ous2njaeC4NEvAcfALCdCo7Y4VpISU0I8DaZFU2lGAFKyeh2Jz4WaM/3hbEw==

"@types/chrome@^0.0.114":
  version "0.0.114"
  resolved "https://registry.yarnpkg.com/@types/chrome/-/chrome-0.0.114.tgz#8ceb33fa261f4b9e307fa7344ba8182d8d410d4e"
  integrity sha512-i7qRr74IrxHtbnrZSKUuP5Uvd5EOKwlwJq/yp7+yTPihOXnPhNQO4Z5bqb1XTnrjdbUKEJicaVVbhcgtRijmLA==
  dependencies:
    "@types/filesystem" "*"
    "@types/har-format" "*"

"@types/filesystem@*":
  version "0.0.29"
  resolved "https://registry.yarnpkg.com/@types/filesystem/-/filesystem-0.0.29.tgz#ee3748eb5be140dcf980c3bd35f11aec5f7a3748"
  integrity sha512-85/1KfRedmfPGsbK8YzeaQUyV1FQAvMPMTuWFQ5EkLd2w7szhNO96bk3Rh/SKmOfd9co2rCLf0Voy4o7ECBOvw==
  dependencies:
    "@types/filewriter" "*"

"@types/filewriter@*":
  version "0.0.28"
  resolved "https://registry.yarnpkg.com/@types/filewriter/-/filewriter-0.0.28.tgz#c054e8af4d9dd75db4e63abc76f885168714d4b3"
  integrity sha1-wFTor02d11205jq8dviFFocU1LM=

"@types/firefox-webext-browser@^70.0.1":
  version "70.0.1"
  resolved "https://registry.yarnpkg.com/@types/firefox-webext-browser/-/firefox-webext-browser-70.0.1.tgz#53a3915bfbe25e2c5ec439dbdbe6e303610012bb"
  integrity sha512-hjHsTR9vKs+yikWbNS/s7TVCx15M/MEn+VYx47wtT/W/wORsIZDD75gfUfP7lkzi+IxRvKMQBB/5/wMFlfgvgQ==

"@types/har-format@*":
  version "1.2.4"
  resolved "https://registry.yarnpkg.com/@types/har-format/-/har-format-1.2.4.tgz#3275842095abb60d14b47fa798cc9ff708dab6d4"
  integrity sha512-iUxzm1meBm3stxUMzRqgOVHjj4Kgpgu5w9fm4X7kPRfSgVRzythsucEN7/jtOo8SQzm+HfcxWWzJS0mJDH/3DQ==

"@types/node@^10.0.3":
  version "10.17.24"
  resolved "https://registry.yarnpkg.com/@types/node/-/node-10.17.24.tgz#c57511e3a19c4b5e9692bb2995c40a3a52167944"
  integrity sha512-5SCfvCxV74kzR3uWgTYiGxrd69TbT1I6+cMx1A5kEly/IVveJBimtAMlXiEyVFn5DvUFewQWxOOiJhlxeQwxgA==

agent-base@6:
  version "6.0.0"
  resolved "https://registry.yarnpkg.com/agent-base/-/agent-base-6.0.0.tgz#5d0101f19bbfaed39980b22ae866de153b93f09a"
  integrity sha512-j1Q7cSCqN+AwrmDd+pzgqc0/NpC655x2bUf5ZjRIO77DcNBFmh+OgRNzF6OKdCC9RSCb19fGd99+bhXFdkRNqw==
  dependencies:
    debug "4"

async@>=0.2.9:
  version "3.2.0"
  resolved "https://registry.yarnpkg.com/async/-/async-3.2.0.tgz#b3a2685c5ebb641d3de02d161002c60fc9f85720"
  integrity sha512-TR2mEZFVOj2pLStYxLht7TyfuRzaydfpxr3k9RpHIzMgw7A64dzsdqCxH1WJyQdoe8T10nDXd9wnEigmiuHIZw==

buffer-from@^1.0.0:
  version "1.1.1"
  resolved "https://registry.yarnpkg.com/buffer-from/-/buffer-from-1.1.1.tgz#32713bc028f75c02fdb710d7c7bcec1f2c6070ef"
  integrity sha512-MQcXEUbCKtEo7bhqEs6560Hyd4XaovZlO/k9V3hjVUF/zwW7KBVdSK4gIt/bzwS9MbR5qob+F5jusZsb0YQK2A==

caseless@^0.12.0:
  version "0.12.0"
  resolved "https://registry.yarnpkg.com/caseless/-/caseless-0.12.0.tgz#1b681c21ff84033c826543090689420d187151dc"
  integrity sha1-G2gcIf+EAzyCZUMJBolCDRhxUdw=

concat-stream@^1.6.2:
  version "1.6.2"
  resolved "https://registry.yarnpkg.com/concat-stream/-/concat-stream-1.6.2.tgz#904bdf194cd3122fc675c77fc4ac3d4ff0fd1a34"
  integrity sha512-27HBghJxjiZtIk3Ycvn/4kbJk/1uZuJFfuPEns6LaEvpvG1f0hTea8lilrouyo9mVc2GWdcEZ8OLoGmSADlrCw==
  dependencies:
    buffer-from "^1.0.0"
    inherits "^2.0.3"
    readable-stream "^2.2.2"
    typedarray "^0.0.6"

core-util-is@~1.0.0:
  version "1.0.2"
  resolved "https://registry.yarnpkg.com/core-util-is/-/core-util-is-1.0.2.tgz#b5fd54220aa2bc5ab57aab7140c940754503c1a7"
  integrity sha1-tf1UIgqivFq1eqtxQMlAdUUDwac=

debug@4:
  version "4.1.1"
  resolved "https://registry.yarnpkg.com/debug/-/debug-4.1.1.tgz#3b72260255109c6b589cee050f1d516139664791"
  integrity sha512-pYAIzeRo8J6KPEaJ0VWOh5Pzkbw/RetuzehGM7QRRX5he4fPHx2rdKMB256ehJCkX+XRQm16eZLqLNS8RSZXZw==
  dependencies:
    ms "^2.1.1"

env-paths@^2.2.0:
  version "2.2.0"
  resolved "https://registry.yarnpkg.com/env-paths/-/env-paths-2.2.0.tgz#cdca557dc009152917d6166e2febe1f039685e43"
  integrity sha512-6u0VYSCo/OW6IoD5WCLLy9JUGARbamfSavcNXry/eu8aHVFei6CD3Sw+VGX5alea1i9pgPHW0mbu6Xj0uBh7gA==

ffmpeg-static@^4.2.2:
  version "4.2.2"
  resolved "https://registry.yarnpkg.com/ffmpeg-static/-/ffmpeg-static-4.2.2.tgz#29f23ac94d691d3f6a8d4229f8d3787a077209d9"
  integrity sha512-0m07Lb7Wz91xw2g3vBzcrwhcm9D9kWWA/ZheWt6dOhIJrxanFVw1XUe9ewxF9RGBkcdt43UksrpJkL2gvl00Ew==
  dependencies:
    "@derhuerst/http-basic" "^8.2.0"
    env-paths "^2.2.0"
    https-proxy-agent "^5.0.0"
    progress "^2.0.3"

ffprobe-static@^3.0.0:
  version "3.0.0"
  resolved "https://registry.yarnpkg.com/ffprobe-static/-/ffprobe-static-3.0.0.tgz#479689c8a237987beca5627968f3d87429bf569d"
  integrity sha512-LZ1Sj4RHS95t/ReZtRbCmMEWDDl7cfIMwmhNgCZcdtOgRlAHaGGOupoc166Q9AV+T7lXnUvu5HYczcsn69c6fw==

fluent-ffmpeg@^2.1.2:
  version "2.1.2"
  resolved "https://registry.yarnpkg.com/fluent-ffmpeg/-/fluent-ffmpeg-2.1.2.tgz#c952de2240f812ebda0aa8006d7776ee2acf7d74"
  integrity sha1-yVLeIkD4EuvaCqgAbXd27irPfXQ=
  dependencies:
    async ">=0.2.9"
    which "^1.1.1"

http-response-object@^3.0.1:
  version "3.0.2"
  resolved "https://registry.yarnpkg.com/http-response-object/-/http-response-object-3.0.2.tgz#7f435bb210454e4360d074ef1f989d5ea8aa9810"
  integrity sha512-bqX0XTF6fnXSQcEJ2Iuyr75yVakyjIDCqroJQ/aHfSdlM743Cwqoi2nDYMzLGWUcuTWGWy8AAvOKXTfiv6q9RA==
  dependencies:
    "@types/node" "^10.0.3"

https-proxy-agent@^5.0.0:
  version "5.0.0"
  resolved "https://registry.yarnpkg.com/https-proxy-agent/-/https-proxy-agent-5.0.0.tgz#e2a90542abb68a762e0a0850f6c9edadfd8506b2"
  integrity sha512-EkYm5BcKUGiduxzSt3Eppko+PiNWNEpa4ySk9vTC6wDsQJW9rHSa+UhGNJoRYp7bz6Ht1eaRIa6QaJqO5rCFbA==
  dependencies:
    agent-base "6"
    debug "4"

inherits@^2.0.3, inherits@~2.0.3:
  version "2.0.4"
  resolved "https://registry.yarnpkg.com/inherits/-/inherits-2.0.4.tgz#0fa2c64f932917c3433a0ded55363aae37416b7c"
  integrity sha512-k/vGaX4/Yla3WzyMCvTQOXYeIHvqOKtnqBduzTHpzpQZzAskKMhZ2K+EnBiSM9zGSoIFeMpXKxa4dYeZIQqewQ==

ip-regex@^4.1.0:
  version "4.1.0"
  resolved "https://registry.yarnpkg.com/ip-regex/-/ip-regex-4.1.0.tgz#5ad62f685a14edb421abebc2fff8db94df67b455"
  integrity sha512-pKnZpbgCTfH/1NLIlOduP/V+WRXzC2MOz3Qo8xmxk8C5GudJLgK5QyLVXOSWy3ParAH7Eemurl3xjv/WXYFvMA==

isarray@~1.0.0:
  version "1.0.0"
  resolved "https://registry.yarnpkg.com/isarray/-/isarray-1.0.0.tgz#bb935d48582cba168c06834957a54a3e07124f11"
  integrity sha1-u5NdSFgsuhaMBoNJV6VKPgcSTxE=

isexe@^2.0.0:
  version "2.0.0"
  resolved "https://registry.yarnpkg.com/isexe/-/isexe-2.0.0.tgz#e8fbf374dc556ff8947a10dcb0572d633f2cfa10"
  integrity sha1-6PvzdNxVb/iUehDcsFctYz8s+hA=

ms@^2.1.1:
  version "2.1.2"
  resolved "https://registry.yarnpkg.com/ms/-/ms-2.1.2.tgz#d09d1f357b443f493382a8eb3ccd183872ae6009"
  integrity sha512-sGkPx+VjMtmA6MX27oA4FBFELFCZZ4S4XqeGOXCv68tT+jb3vk/RyaKWP0PTKyWtmLSM0b+adUTEvbs1PEaH2w==

node-fetch@^2.6.0:
  version "2.6.0"
  resolved "https://registry.yarnpkg.com/node-fetch/-/node-fetch-2.6.0.tgz#e633456386d4aa55863f676a7ab0daa8fdecb0fd"
  integrity sha512-8dG4H5ujfvFiqDmVu9fQ5bOHUC15JMjMY/Zumv26oOvvVJjM67KF8koCWIabKQ1GJIa9r2mMZscBq/TbdOcmNA==

parse-cache-control@^1.0.1:
  version "1.0.1"
  resolved "https://registry.yarnpkg.com/parse-cache-control/-/parse-cache-control-1.0.1.tgz#8eeab3e54fa56920fe16ba38f77fa21aacc2d74e"
  integrity sha1-juqz5U+laSD+Fro493+iGqzC104=

process-nextick-args@~2.0.0:
  version "2.0.1"
  resolved "https://registry.yarnpkg.com/process-nextick-args/-/process-nextick-args-2.0.1.tgz#7820d9b16120cc55ca9ae7792680ae7dba6d7fe2"
  integrity sha512-3ouUOpQhtgrbOa17J7+uxOTpITYWaGP7/AhoR3+A+/1e9skrzelGi/dXzEYyvbxubEF6Wn2ypscTKiKJFFn1ag==

progress@^2.0.3:
  version "2.0.3"
  resolved "https://registry.yarnpkg.com/progress/-/progress-2.0.3.tgz#7e8cf8d8f5b8f239c1bc68beb4eb78567d572ef8"
  integrity sha512-7PiHtLll5LdnKIMw100I+8xJXR5gW2QwWYkT6iJva0bXitZKa/XMrSbdmg3r2Xnaidz9Qumd0VPaMrZlF9V9sA==

readable-stream@^2.2.2:
  version "2.3.7"
  resolved "https://registry.yarnpkg.com/readable-stream/-/readable-stream-2.3.7.tgz#1eca1cf711aef814c04f62252a36a62f6cb23b57"
  integrity sha512-Ebho8K4jIbHAxnuxi7o42OrZgF/ZTNcsZj6nRKyUmkhLFq8CHItp/fy6hQZuZmP/n3yZ9VBUbp4zz/mX8hmYPw==
  dependencies:
    core-util-is "~1.0.0"
    inherits "~2.0.3"
    isarray "~1.0.0"
    process-nextick-args "~2.0.0"
    safe-buffer "~5.1.1"
    string_decoder "~1.1.1"
    util-deprecate "~1.0.1"

safe-buffer@~5.1.0, safe-buffer@~5.1.1:
  version "5.1.2"
  resolved "https://registry.yarnpkg.com/safe-buffer/-/safe-buffer-5.1.2.tgz#991ec69d296e0313747d59bdfd2b745c35f8828d"
  integrity sha512-Gd2UZBJDkXlY7GbJxfsE8/nvKkUEU1G38c1siN6QP6a9PT9MmHB8GnpscSmMJSoF8LOIrt8ud/wPtojys4G6+g==

string_decoder@~1.1.1:
  version "1.1.1"
  resolved "https://registry.yarnpkg.com/string_decoder/-/string_decoder-1.1.1.tgz#9cf1611ba62685d7030ae9e4ba34149c3af03fc8"
  integrity sha512-n/ShnvDi6FHbbVfviro+WojiFzv+s8MPMHBczVePfUpDJLwoLT0ht1l4YwBCbi8pJAveEEdnkHyPyTP/mzRfwg==
  dependencies:
    safe-buffer "~5.1.0"

tlds@^1.203.0:
  version "1.207.0"
  resolved "https://registry.yarnpkg.com/tlds/-/tlds-1.207.0.tgz#459264e644cf63ddc0965fece3898913286b1afd"
  integrity sha512-k7d7Q1LqjtAvhtEOs3yN14EabsNO8ZCoY6RESSJDB9lst3bTx3as/m1UuAeCKzYxiyhR1qq72ZPhpSf+qlqiwg==

tldts-core@^5.6.29:
  version "5.6.29"
  resolved "https://registry.yarnpkg.com/tldts-core/-/tldts-core-5.6.29.tgz#7a7ef68760e80a3fdf0eac47eb91c9f825156f2f"
  integrity sha512-MBzAXYPHoj4rvhyZpzKnDpAaW6sdJ0HiODRI9uThfNxhQU5iXgHtQiqsf/0lnYEtg17IyKLYfl7XG0QQ2K4cNg==

tldts-experimental@^5.6.21:
  version "5.6.29"
  resolved "https://registry.yarnpkg.com/tldts-experimental/-/tldts-experimental-5.6.29.tgz#af4786411c974f47ac77597c4520c3f72810f698"
  integrity sha512-9nzUJM0iD+m1P5tn3mUvoAv3LtmPeR6KPeNR4YvFrYINzMtXhXhgPnFExP747gajsEZj4zyjGYX92yWm8ElIvQ==
  dependencies:
    tldts-core "^5.6.29"

typedarray@^0.0.6:
  version "0.0.6"
  resolved "https://registry.yarnpkg.com/typedarray/-/typedarray-0.0.6.tgz#867ac74e3864187b1d3d47d996a78ec5c8830777"
  integrity sha1-hnrHTjhkGHsdPUfZlqeOxciDB3c=

url-regex@^5.0.0:
  version "5.0.0"
  resolved "https://registry.yarnpkg.com/url-regex/-/url-regex-5.0.0.tgz#8f5456ab83d898d18b2f91753a702649b873273a"
  integrity sha512-O08GjTiAFNsSlrUWfqF1jH0H1W3m35ZyadHrGv5krdnmPPoxP27oDTqux/579PtaroiSGm5yma6KT1mHFH6Y/g==
  dependencies:
    ip-regex "^4.1.0"
    tlds "^1.203.0"

util-deprecate@~1.0.1:
  version "1.0.2"
  resolved "https://registry.yarnpkg.com/util-deprecate/-/util-deprecate-1.0.2.tgz#450d4dc9fa70de732762fbd2d4a28981419a0ccf"
  integrity sha1-RQ1Nyfpw3nMnYvvS1KKJgUGaDM8=

which@^1.1.1:
  version "1.3.1"
  resolved "https://registry.yarnpkg.com/which/-/which-1.3.1.tgz#a45043d54f5805316da8d62f9f50918d3da70b0a"
  integrity sha512-HxJdYWq1MTIQbJ3nw0cqssHoTNU267KlrDuGZ1WYlxDStUtKUhOaJmh112/TZmHxxUfuJqPXSOm7tDyas0OSIQ==
  dependencies:
    isexe "^2.0.0"
